
Microsoft Visual Studio Solution File, Format Version 12.00
# Visual Studio Version 17
VisualStudioVersion = 17.5.002.0
MinimumVisualStudioVersion = 10.0.40219.1
Project("{9A19103F-16F7-4668-BE54-9A1E7A4F7556}") = "ProEventos.API", "ProEventos.API.csproj", "{BEEECF77-1A2A-4EE4-BB73-E52907413063}"
EndProject
Global
	GlobalSection(SolutionConfigurationPlatforms) = preSolution
		Debug|Any CPU = Debug|Any CPU
		Release|Any CPU = Release|Any CPU
	EndGlobalSection
	GlobalSection(ProjectConfigurationPlatforms) = postSolution
		{BEEECF77-1A2A-4EE4-BB73-E52907413063}.Debug|Any CPU.ActiveCfg = Debug|Any CPU
		{BEEECF77-1A2A-4EE4-BB73-E52907413063}.Debug|Any CPU.Build.0 = Debug|Any CPU
		{BEEECF77-1A2A-4EE4-BB73-E52907413063}.Release|Any CPU.ActiveCfg = Release|Any CPU
		{BEEECF77-1A2A-4EE4-BB73-E52907413063}.Release|Any CPU.Build.0 = Release|Any CPU
	EndGlobalSection
	GlobalSection(SolutionProperties) = preSolution
		HideSolutionNode = FALSE
	EndGlobalSection
	GlobalSection(ExtensibilityGlobals) = postSolution
		SolutionGuid = {7AA1F570-C9EB-4CFC-8644-8C250D7627E9}
	EndGlobalSection
EndGlobal
