
Microsoft Visual Studio Solution File, Format Version 12.00
# Visual Studio Version 17
VisualStudioVersion = 17.5.002.0
MinimumVisualStudioVersion = 10.0.40219.1
Project("{9A19103F-16F7-4668-BE54-9A1E7A4F7556}") = "ProEventos.API", "ProEventos.API\ProEventos.API.csproj", "{63D3FA49-9ECD-4B83-BB6F-785C65CBBC36}"
EndProject
Global
	GlobalSection(SolutionConfigurationPlatforms) = preSolution
		Debug|Any CPU = Debug|Any CPU
		Release|Any CPU = Release|Any CPU
	EndGlobalSection
	GlobalSection(ProjectConfigurationPlatforms) = postSolution
		{63D3FA49-9ECD-4B83-BB6F-785C65CBBC36}.Debug|Any CPU.ActiveCfg = Debug|Any CPU
		{63D3FA49-9ECD-4B83-BB6F-785C65CBBC36}.Debug|Any CPU.Build.0 = Debug|Any CPU
		{63D3FA49-9ECD-4B83-BB6F-785C65CBBC36}.Release|Any CPU.ActiveCfg = Release|Any CPU
		{63D3FA49-9ECD-4B83-BB6F-785C65CBBC36}.Release|Any CPU.Build.0 = Release|Any CPU
	EndGlobalSection
	GlobalSection(SolutionProperties) = preSolution
		HideSolutionNode = FALSE
	EndGlobalSection
	GlobalSection(ExtensibilityGlobals) = postSolution
		SolutionGuid = {A23B3263-F4B9-4DF1-9751-339896F8B023}
	EndGlobalSection
EndGlobal
